// !$*UTF8*$!
{
	archiveVersion = 1;
	classes = {
	};
	objectVersion = 55;
	objects = {

/* Begin PBXBuildFile section */
		6F0D58D8285228270087DFDD /* swiftui_examplesApp.swift in Sources */ = {isa = PBXBuildFile; fileRef = 6F0D58D7285228270087DFDD /* swiftui_examplesApp.swift */; };
		6F0D58DA285228270087DFDD /* ContentView.swift in Sources */ = {isa = PBXBuildFile; fileRef = 6F0D58D9285228270087DFDD /* ContentView.swift */; };
		6F0D58DC285228280087DFDD /* Assets.xcassets in Resources */ = {isa = PBXBuildFile; fileRef = 6F0D58DB285228280087DFDD /* Assets.xcassets */; };
		6F0D58DF285228280087DFDD /* Preview Assets.xcassets in Resources */ = {isa = PBXBuildFile; fileRef = 6F0D58DE285228280087DFDD /* Preview Assets.xcassets */; };
		6F0D58E6285228530087DFDD /* TagListView.swift in Sources */ = {isa = PBXBuildFile; fileRef = 6F0D58E5285228530087DFDD /* TagListView.swift */; };
		6F0D58E8285228830087DFDD /* FlexibleView.swift in Sources */ = {isa = PBXBuildFile; fileRef = 6F0D58E7285228830087DFDD /* FlexibleView.swift */; };
		6F0D58EA285228AF0087DFDD /* DemoScrollViewOffsetView.swift in Sources */ = {isa = PBXBuildFile; fileRef = 6F0D58E9285228AF0087DFDD /* DemoScrollViewOffsetView.swift */; };
		6F0D58EC285228D90087DFDD /* SecureInputView.swift in Sources */ = {isa = PBXBuildFile; fileRef = 6F0D58EB285228D90087DFDD /* SecureInputView.swift */; };
		6F0D58EE285228FD0087DFDD /* TextFieldKeyboardToolbarView.swift in Sources */ = {isa = PBXBuildFile; fileRef = 6F0D58ED285228FD0087DFDD /* TextFieldKeyboardToolbarView.swift */; };
/* End PBXBuildFile section */

/* Begin PBXFileReference section */
		6F0D58D4285228270087DFDD /* swiftui-examples.app */ = {isa = PBXFileReference; explicitFileType = wrapper.application; includeInIndex = 0; path = "swiftui-examples.app"; sourceTree = BUILT_PRODUCTS_DIR; };
		6F0D58D7285228270087DFDD /* swiftui_examplesApp.swift */ = {isa = PBXFileReference; lastKnownFileType = sourcecode.swift; path = swiftui_examplesApp.swift; sourceTree = "<group>"; };
		6F0D58D9285228270087DFDD /* ContentView.swift */ = {isa = PBXFileReference; lastKnownFileType = sourcecode.swift; path = ContentView.swift; sourceTree = "<group>"; };
		6F0D58DB285228280087DFDD /* Assets.xcassets */ = {isa = PBXFileReference; lastKnownFileType = folder.assetcatalog; path = Assets.xcassets; sourceTree = "<group>"; };
		6F0D58DE285228280087DFDD /* Preview Assets.xcassets */ = {isa = PBXFileReference; lastKnownFileType = folder.assetcatalog; path = "Preview Assets.xcassets"; sourceTree = "<group>"; };
		6F0D58E5285228530087DFDD /* TagListView.swift */ = {isa = PBXFileReference; lastKnownFileType = sourcecode.swift; path = TagListView.swift; sourceTree = "<group>"; };
		6F0D58E7285228830087DFDD /* FlexibleView.swift */ = {isa = PBXFileReference; lastKnownFileType = sourcecode.swift; path = FlexibleView.swift; sourceTree = "<group>"; };
		6F0D58E9285228AF0087DFDD /* DemoScrollViewOffsetView.swift */ = {isa = PBXFileReference; lastKnownFileType = sourcecode.swift; path = DemoScrollViewOffsetView.swift; sourceTree = "<group>"; };
		6F0D58EB285228D90087DFDD /* SecureInputView.swift */ = {isa = PBXFileReference; lastKnownFileType = sourcecode.swift; path = SecureInputView.swift; sourceTree = "<group>"; };
		6F0D58ED285228FD0087DFDD /* TextFieldKeyboardToolbarView.swift */ = {isa = PBXFileReference; lastKnownFileType = sourcecode.swift; path = TextFieldKeyboardToolbarView.swift; sourceTree = "<group>"; };
/* End PBXFileReference section */

/* Begin PBXFrameworksBuildPhase section */
		6F0D58D1285228270087DFDD /* Frameworks */ = {
			isa = PBXFrameworksBuildPhase;
			buildActionMask = 2147483647;
			files = (
			);
			runOnlyForDeploymentPostprocessing = 0;
		};
/* End PBXFrameworksBuildPhase section */

/* Begin PBXGroup section */
		6F0D58CB285228270087DFDD = {
			isa = PBXGroup;
			children = (
				6F0D58D6285228270087DFDD /* swiftui-examples */,
				6F0D58D5285228270087DFDD /* Products */,
			);
			sourceTree = "<group>";
		};
		6F0D58D5285228270087DFDD /* Products */ = {
			isa = PBXGroup;
			children = (
				6F0D58D4285228270087DFDD /* swiftui-examples.app */,
			);
			name = Products;
			sourceTree = "<group>";
		};
		6F0D58D6285228270087DFDD /* swiftui-examples */ = {
			isa = PBXGroup;
			children = (
				6F0D58EF28522A110087DFDD /* Examples */,
				6F0D58D7285228270087DFDD /* swiftui_examplesApp.swift */,
				6F0D58D9285228270087DFDD /* ContentView.swift */,
				6F0D58DB285228280087DFDD /* Assets.xcassets */,
				6F0D58DD285228280087DFDD /* Preview Content */,
			);
			path = "swiftui-examples";
			sourceTree = "<group>";
		};
		6F0D58DD285228280087DFDD /* Preview Content */ = {
			isa = PBXGroup;
			children = (
				6F0D58DE285228280087DFDD /* Preview Assets.xcassets */,
			);
			path = "Preview Content";
			sourceTree = "<group>";
		};
		6F0D58EF28522A110087DFDD /* Examples */ = {
			isa = PBXGroup;
			children = (
				6F0D58E5285228530087DFDD /* TagListView.swift */,
				6F0D58E7285228830087DFDD /* FlexibleView.swift */,
				6F0D58E9285228AF0087DFDD /* DemoScrollViewOffsetView.swift */,
				6F0D58EB285228D90087DFDD /* SecureInputView.swift */,
				6F0D58ED285228FD0087DFDD /* TextFieldKeyboardToolbarView.swift */,
			);
			path = Examples;
			sourceTree = "<group>";
		};
/* End PBXGroup section */

/* Begin PBXNativeTarget section */
		6F0D58D3285228270087DFDD /* swiftui-examples */ = {
			isa = PBXNativeTarget;
			buildConfigurationList = 6F0D58E2285228280087DFDD /* Build configuration list for PBXNativeTarget "swiftui-examples" */;
			buildPhases = (
				6F0D58D0285228270087DFDD /* Sources */,
				6F0D58D1285228270087DFDD /* Frameworks */,
				6F0D58D2285228270087DFDD /* Resources */,
			);
			buildRules = (
			);
			dependencies = (
			);
			name = "swiftui-examples";
			productName = "swiftui-examples";
			productReference = 6F0D58D4285228270087DFDD /* swiftui-examples.app */;
			productType = "com.apple.product-type.application";
		};
/* End PBXNativeTarget section */

/* Begin PBXProject section */
		6F0D58CC285228270087DFDD /* Project object */ = {
			isa = PBXProject;
			attributes = {
				BuildIndependentTargetsInParallel = 1;
				LastSwiftUpdateCheck = 1340;
				LastUpgradeCheck = 1340;
				TargetAttributes = {
					6F0D58D3285228270087DFDD = {
						CreatedOnToolsVersion = 13.4.1;
					};
				};
			};
			buildConfigurationList = 6F0D58CF285228270087DFDD /* Build configuration list for PBXProject "swiftui-examples" */;
			compatibilityVersion = "Xcode 13.0";
			developmentRegion = en;
			hasScannedForEncodings = 0;
			knownRegions = (
				en,
				Base,
			);
			mainGroup = 6F0D58CB285228270087DFDD;
			productRefGroup = 6F0D58D5285228270087DFDD /* Products */;
			projectDirPath = "";
			projectRoot = "";
			targets = (
				6F0D58D3285228270087DFDD /* swiftui-examples */,
			);
		};
/* End PBXProject section */

/* Begin PBXResourcesBuildPhase section */
		6F0D58D2285228270087DFDD /* Resources */ = {
			isa = PBXResourcesBuildPhase;
			buildActionMask = 2147483647;
			files = (
				6F0D58DF285228280087DFDD /* Preview Assets.xcassets in Resources */,
				6F0D58DC285228280087DFDD /* Assets.xcassets in Resources */,
			);
			runOnlyForDeploymentPostprocessing = 0;
		};
/* End PBXResourcesBuildPhase section */

/* Begin PBXSourcesBuildPhase section */
		6F0D58D0285228270087DFDD /* Sources */ = {
			isa = PBXSourcesBuildPhase;
			buildActionMask = 2147483647;
			files = (
				6F0D58EC285228D90087DFDD /* SecureInputView.swift in Sources */,
				6F0D58DA285228270087DFDD /* ContentView.swift in Sources */,
				6F0D58EA285228AF0087DFDD /* DemoScrollViewOffsetView.swift in Sources */,
				6F0D58E6285228530087DFDD /* TagListView.swift in Sources */,
				6F0D58D8285228270087DFDD /* swiftui_examplesApp.swift in Sources */,
				6F0D58E8285228830087DFDD /* FlexibleView.swift in Sources */,
				6F0D58EE285228FD0087DFDD /* TextFieldKeyboardToolbarView.swift in Sources */,
			);
			runOnlyForDeploymentPostprocessing = 0;
		};
/* End PBXSourcesBuildPhase section */

/* Begin XCBuildConfiguration section */
		6F0D58E0285228280087DFDD /* Debug */ = {
			isa = XCBuildConfiguration;
			buildSettings = {
				ALWAYS_SEARCH_USER_PATHS = NO;
				CLANG_ANALYZER_NONNULL = YES;
				CLANG_ANALYZER_NUMBER_OBJECT_CONVERSION = YES_AGGRESSIVE;
				CLANG_CXX_LANGUAGE_STANDARD = "gnu++17";
				CLANG_ENABLE_MODULES = YES;
				CLANG_ENABLE_OBJC_ARC = YES;
				CLANG_ENABLE_OBJC_WEAK = YES;
				CLANG_WARN_BLOCK_CAPTURE_AUTORELEASING = YES;
				CLANG_WARN_BOOL_CONVERSION = YES;
				CLANG_WARN_COMMA = YES;
				CLANG_WARN_CONSTANT_CONVERSION = YES;
				CLANG_WARN_DEPRECATED_OBJC_IMPLEMENTATIONS = YES;
				CLANG_WARN_DIRECT_OBJC_ISA_USAGE = YES_ERROR;
				CLANG_WARN_DOCUMENTATION_COMMENTS = YES;
				CLANG_WARN_EMPTY_BODY = YES;
				CLANG_WARN_ENUM_CONVERSION = YES;
				CLANG_WARN_INFINITE_RECURSION = YES;
				CLANG_WARN_INT_CONVERSION = YES;
				CLANG_WARN_NON_LITERAL_NULL_CONVERSION = YES;
				CLANG_WARN_OBJC_IMPLICIT_RETAIN_SELF = YES;
				CLANG_WARN_OBJC_LITERAL_CONVERSION = YES;
				CLANG_WARN_OBJC_ROOT_CLASS = YES_ERROR;
				CLANG_WARN_QUOTED_INCLUDE_IN_FRAMEWORK_HEADER = YES;
				CLANG_WARN_RANGE_LOOP_ANALYSIS = YES;
				CLANG_WARN_STRICT_PROTOTYPES = YES;
				CLANG_WARN_SUSPICIOUS_MOVE = YES;
				CLANG_WARN_UNGUARDED_AVAILABILITY = YES_AGGRESSIVE;
				CLANG_WARN_UNREACHABLE_CODE = YES;
				CLANG_WARN__DUPLICATE_METHOD_MATCH = YES;
				COPY_PHASE_STRIP = NO;
				DEBUG_INFORMATION_FORMAT = dwarf;
				ENABLE_STRICT_OBJC_MSGSEND = YES;
				ENABLE_TESTABILITY = YES;
				GCC_C_LANGUAGE_STANDARD = gnu11;
				GCC_DYNAMIC_NO_PIC = NO;
				GCC_NO_COMMON_BLOCKS = YES;
				GCC_OPTIMIZATION_LEVEL = 0;
				GCC_PREPROCESSOR_DEFINITIONS = (
					"DEBUG=1",
					"$(inherited)",
				);
				GCC_WARN_64_TO_32_BIT_CONVERSION = YES;
				GCC_WARN_ABOUT_RETURN_TYPE = YES_ERROR;
				GCC_WARN_UNDECLARED_SELECTOR = YES;
				GCC_WARN_UNINITIALIZED_AUTOS = YES_AGGRESSIVE;
				GCC_WARN_UNUSED_FUNCTION = YES;
				GCC_WARN_UNUSED_VARIABLE = YES;
				IPHONEOS_DEPLOYMENT_TARGET = 15.5;
				MTL_ENABLE_DEBUG_INFO = INCLUDE_SOURCE;
				MTL_FAST_MATH = YES;
				ONLY_ACTIVE_ARCH = YES;
				SDKROOT = iphoneos;
				SWIFT_ACTIVE_COMPILATION_CONDITIONS = DEBUG;
				SWIFT_OPTIMIZATION_LEVEL = "-Onone";
			};
			name = Debug;
		};
		6F0D58E1285228280087DFDD /* Release */ = {
			isa = XCBuildConfiguration;
			buildSettings = {
				ALWAYS_SEARCH_USER_PATHS = NO;
				CLANG_ANALYZER_NONNULL = YES;
				CLANG_ANALYZER_NUMBER_OBJECT_CONVERSION = YES_AGGRESSIVE;
				CLANG_CXX_LANGUAGE_STANDARD = "gnu++17";
				CLANG_ENABLE_MODULES = YES;
				CLANG_ENABLE_OBJC_ARC = YES;
				CLANG_ENABLE_OBJC_WEAK = YES;
				CLANG_WARN_BLOCK_CAPTURE_AUTORELEASING = YES;
				CLANG_WARN_BOOL_CONVERSION = YES;
				CLANG_WARN_COMMA = YES;
				CLANG_WARN_CONSTANT_CONVERSION = YES;
				CLANG_WARN_DEPRECATED_OBJC_IMPLEMENTATIONS = YES;
				CLANG_WARN_DIRECT_OBJC_ISA_USAGE = YES_ERROR;
				CLANG_WARN_DOCUMENTATION_COMMENTS = YES;
				CLANG_WARN_EMPTY_BODY = YES;
				CLANG_WARN_ENUM_CONVERSION = YES;
				CLANG_WARN_INFINITE_RECURSION = YES;
				CLANG_WARN_INT_CONVERSION = YES;
				CLANG_WARN_NON_LITERAL_NULL_CONVERSION = YES;
				CLANG_WARN_OBJC_IMPLICIT_RETAIN_SELF = YES;
				CLANG_WARN_OBJC_LITERAL_CONVERSION = YES;
				CLANG_WARN_OBJC_ROOT_CLASS = YES_ERROR;
				CLANG_WARN_QUOTED_INCLUDE_IN_FRAMEWORK_HEADER = YES;
				CLANG_WARN_RANGE_LOOP_ANALYSIS = YES;
				CLANG_WARN_STRICT_PROTOTYPES = YES;
				CLANG_WARN_SUSPICIOUS_MOVE = YES;
				CLANG_WARN_UNGUARDED_AVAILABILITY = YES_AGGRESSIVE;
				CLANG_WARN_UNREACHABLE_CODE = YES;
				CLANG_WARN__DUPLICATE_METHOD_MATCH = YES;
				COPY_PHASE_STRIP = NO;
				DEBUG_INFORMATION_FORMAT = "dwarf-with-dsym";
				ENABLE_NS_ASSERTIONS = NO;
				ENABLE_STRICT_OBJC_MSGSEND = YES;
				GCC_C_LANGUAGE_STANDARD = gnu11;
				GCC_NO_COMMON_BLOCKS = YES;
				GCC_WARN_64_TO_32_BIT_CONVERSION = YES;
				GCC_WARN_ABOUT_RETURN_TYPE = YES_ERROR;
				GCC_WARN_UNDECLARED_SELECTOR = YES;
				GCC_WARN_UNINITIALIZED_AUTOS = YES_AGGRESSIVE;
				GCC_WARN_UNUSED_FUNCTION = YES;
				GCC_WARN_UNUSED_VARIABLE = YES;
				IPHONEOS_DEPLOYMENT_TARGET = 15.5;
				MTL_ENABLE_DEBUG_INFO = NO;
				MTL_FAST_MATH = YES;
				SDKROOT = iphoneos;
				SWIFT_COMPILATION_MODE = wholemodule;
				SWIFT_OPTIMIZATION_LEVEL = "-O";
				VALIDATE_PRODUCT = YES;
			};
			name = Release;
		};
		6F0D58E3285228280087DFDD /* Debug */ = {
			isa = XCBuildConfiguration;
			buildSettings = {
				ASSETCATALOG_COMPILER_APPICON_NAME = AppIcon;
				ASSETCATALOG_COMPILER_GLOBAL_ACCENT_COLOR_NAME = AccentColor;
				CODE_SIGN_STYLE = Automatic;
				CURRENT_PROJECT_VERSION = 1;
				DEVELOPMENT_ASSET_PATHS = "\"swiftui-examples/Preview Content\"";
				DEVELOPMENT_TEAM = 938TARF4XK;
				ENABLE_PREVIEWS = YES;
				GENERATE_INFOPLIST_FILE = YES;
				INFOPLIST_KEY_UIApplicationSceneManifest_Generation = YES;
				INFOPLIST_KEY_UIApplicationSupportsIndirectInputEvents = YES;
				INFOPLIST_KEY_UILaunchScreen_Generation = YES;
				INFOPLIST_KEY_UISupportedInterfaceOrientations_iPad = "UIInterfaceOrientationPortrait UIInterfaceOrientationPortraitUpsideDown UIInterfaceOrientationLandscapeLeft UIInterfaceOrientationLandscapeRight";
				INFOPLIST_KEY_UISupportedInterfaceOrientations_iPhone = "UIInterfaceOrientationPortrait UIInterfaceOrientationLandscapeLeft UIInterfaceOrientationLandscapeRight";
				LD_RUNPATH_SEARCH_PATHS = (
					"$(inherited)",
					"@executable_path/Frameworks",
				);
				MARKETING_VERSION = 1.0;
				PRODUCT_BUNDLE_IDENTIFIER = "com.gmail.ynwano.14.swiftui-examples";
				PRODUCT_NAME = "$(TARGET_NAME)";
				SWIFT_EMIT_LOC_STRINGS = YES;
				SWIFT_VERSION = 5.0;
				TARGETED_DEVICE_FAMILY = "1,2";
			};
			name = Debug;
		};
		6F0D58E4285228280087DFDD /* Release */ = {
			isa = XCBuildConfiguration;
			buildSettings = {
				ASSETCATALOG_COMPILER_APPICON_NAME = AppIcon;
				ASSETCATALOG_COMPILER_GLOBAL_ACCENT_COLOR_NAME = AccentColor;
				CODE_SIGN_STYLE = Automatic;
				CURRENT_PROJECT_VERSION = 1;
				DEVELOPMENT_ASSET_PATHS = "\"swiftui-examples/Preview Content\"";
				DEVELOPMENT_TEAM = 938TARF4XK;
				ENABLE_PREVIEWS = YES;
				GENERATE_INFOPLIST_FILE = YES;
				INFOPLIST_KEY_UIApplicationSceneManifest_Generation = YES;
				INFOPLIST_KEY_UIApplicationSupportsIndirectInputEvents = YES;
				INFOPLIST_KEY_UILaunchScreen_Generation = YES;
				INFOPLIST_KEY_UISupportedInterfaceOrientations_iPad = "UIInterfaceOrientationPortrait UIInterfaceOrientationPortraitUpsideDown UIInterfaceOrientationLandscapeLeft UIInterfaceOrientationLandscapeRight";
				INFOPLIST_KEY_UISupportedInterfaceOrientations_iPhone = "UIInterfaceOrientationPortrait UIInterfaceOrientationLandscapeLeft UIInterfaceOrientationLandscapeRight";
				LD_RUNPATH_SEARCH_PATHS = (
					"$(inherited)",
					"@executable_path/Frameworks",
				);
				MARKETING_VERSION = 1.0;
				PRODUCT_BUNDLE_IDENTIFIER = "com.gmail.ynwano.14.swiftui-examples";
				PRODUCT_NAME = "$(TARGET_NAME)";
				SWIFT_EMIT_LOC_STRINGS = YES;
				SWIFT_VERSION = 5.0;
				TARGETED_DEVICE_FAMILY = "1,2";
			};
			name = Release;
		};
/* End XCBuildConfiguration section */

/* Begin XCConfigurationList section */
		6F0D58CF285228270087DFDD /* Build configuration list for PBXProject "swiftui-examples" */ = {
			isa = XCConfigurationList;
			buildConfigurations = (
				6F0D58E0285228280087DFDD /* Debug */,
				6F0D58E1285228280087DFDD /* Release */,
			);
			defaultConfigurationIsVisible = 0;
			defaultConfigurationName = Release;
		};
		6F0D58E2285228280087DFDD /* Build configuration list for PBXNativeTarget "swiftui-examples" */ = {
			isa = XCConfigurationList;
			buildConfigurations = (
				6F0D58E3285228280087DFDD /* Debug */,
				6F0D58E4285228280087DFDD /* Release */,
			);
			defaultConfigurationIsVisible = 0;
			defaultConfigurationName = Release;
		};
/* End XCConfigurationList section */
	};
	rootObject = 6F0D58CC285228270087DFDD /* Project object */;
}
